// !$*UTF8*$!
{
	archiveVersion = 1;
	classes = {
	};
	objectVersion = 56;
	objects = {

/* Begin PBXBuildFile section */
		B322BE832C975FB300660A53 /* AppDelegate.swift in Sources */ = {isa = PBXBuildFile; fileRef = B322BE822C975FB300660A53 /* AppDelegate.swift */; };
		B322BE852C975FB300660A53 /* SceneDelegate.swift in Sources */ = {isa = PBXBuildFile; fileRef = B322BE842C975FB300660A53 /* SceneDelegate.swift */; };
		B322BE872C975FB300660A53 /* ViewController.swift in Sources */ = {isa = PBXBuildFile; fileRef = B322BE862C975FB300660A53 /* ViewController.swift */; };
		B322BE8A2C975FB300660A53 /* Main.storyboard in Resources */ = {isa = PBXBuildFile; fileRef = B322BE882C975FB300660A53 /* Main.storyboard */; };
		B322BE8C2C975FB400660A53 /* Assets.xcassets in Resources */ = {isa = PBXBuildFile; fileRef = B322BE8B2C975FB400660A53 /* Assets.xcassets */; };
		B322BE8F2C975FB400660A53 /* LaunchScreen.storyboard in Resources */ = {isa = PBXBuildFile; fileRef = B322BE8D2C975FB400660A53 /* LaunchScreen.storyboard */; };
		B394E9F72C98AA1900285D93 /* Models.swift in Sources */ = {isa = PBXBuildFile; fileRef = B394E9F62C98AA1900285D93 /* Models.swift */; };
		B394E9F92C98AA4300285D93 /* IconSearchService.swift in Sources */ = {isa = PBXBuildFile; fileRef = B394E9F82C98AA4300285D93 /* IconSearchService.swift */; };
		B394E9FC2C98ABEE00285D93 /* ModuleIconSearcherFactory.swift in Sources */ = {isa = PBXBuildFile; fileRef = B394E9FB2C98ABEE00285D93 /* ModuleIconSearcherFactory.swift */; };
		B394E9FE2C98AC1400285D93 /* ModuleIconSearcherPresenter.swift in Sources */ = {isa = PBXBuildFile; fileRef = B394E9FD2C98AC1400285D93 /* ModuleIconSearcherPresenter.swift */; };
		B394EA002C98AC2600285D93 /* ModuleIconSearcherViewController.swift in Sources */ = {isa = PBXBuildFile; fileRef = B394E9FF2C98AC2600285D93 /* ModuleIconSearcherViewController.swift */; };
		B394EA042C98ADF500285D93 /* ModuleIconSearcherView.swift in Sources */ = {isa = PBXBuildFile; fileRef = B394EA032C98ADF500285D93 /* ModuleIconSearcherView.swift */; };
		B394EA062C98AE0D00285D93 /* ModuleIconSearcherTableViewCell.swift in Sources */ = {isa = PBXBuildFile; fileRef = B394EA052C98AE0D00285D93 /* ModuleIconSearcherTableViewCell.swift */; };
		B394EA092C98AE4200285D93 /* PhotoLibraryManager.swift in Sources */ = {isa = PBXBuildFile; fileRef = B394EA082C98AE4200285D93 /* PhotoLibraryManager.swift */; };
		B394EA0B2C98AE5600285D93 /* AlertAccessViewController.swift in Sources */ = {isa = PBXBuildFile; fileRef = B394EA0A2C98AE5600285D93 /* AlertAccessViewController.swift */; };
		B394EA0D2C98AE6800285D93 /* AlertSaveSuccessViewController.swift in Sources */ = {isa = PBXBuildFile; fileRef = B394EA0C2C98AE6800285D93 /* AlertSaveSuccessViewController.swift */; };
		B394EA0F2C98AF4000285D93 /* ImageLoaderManager.swift in Sources */ = {isa = PBXBuildFile; fileRef = B394EA0E2C98AF4000285D93 /* ImageLoaderManager.swift */; };
		B394EA112C98AF5700285D93 /* IconCacheManager.swift in Sources */ = {isa = PBXBuildFile; fileRef = B394EA102C98AF5700285D93 /* IconCacheManager.swift */; };
/* End PBXBuildFile section */

/* Begin PBXFileReference section */
		B322BE7F2C975FB300660A53 /* TestTask(iconfinder).app */ = {isa = PBXFileReference; explicitFileType = wrapper.application; includeInIndex = 0; path = "TestTask(iconfinder).app"; sourceTree = BUILT_PRODUCTS_DIR; };
		B322BE822C975FB300660A53 /* AppDelegate.swift */ = {isa = PBXFileReference; lastKnownFileType = sourcecode.swift; path = AppDelegate.swift; sourceTree = "<group>"; };
		B322BE842C975FB300660A53 /* SceneDelegate.swift */ = {isa = PBXFileReference; lastKnownFileType = sourcecode.swift; path = SceneDelegate.swift; sourceTree = "<group>"; };
		B322BE862C975FB300660A53 /* ViewController.swift */ = {isa = PBXFileReference; lastKnownFileType = sourcecode.swift; path = ViewController.swift; sourceTree = "<group>"; };
		B322BE892C975FB300660A53 /* Base */ = {isa = PBXFileReference; lastKnownFileType = file.storyboard; name = Base; path = Base.lproj/Main.storyboard; sourceTree = "<group>"; };
		B322BE8B2C975FB400660A53 /* Assets.xcassets */ = {isa = PBXFileReference; lastKnownFileType = folder.assetcatalog; path = Assets.xcassets; sourceTree = "<group>"; };
		B322BE8E2C975FB400660A53 /* Base */ = {isa = PBXFileReference; lastKnownFileType = file.storyboard; name = Base; path = Base.lproj/LaunchScreen.storyboard; sourceTree = "<group>"; };
		B322BE902C975FB400660A53 /* Info.plist */ = {isa = PBXFileReference; lastKnownFileType = text.plist.xml; path = Info.plist; sourceTree = "<group>"; };
		B394E9F62C98AA1900285D93 /* Models.swift */ = {isa = PBXFileReference; lastKnownFileType = sourcecode.swift; path = Models.swift; sourceTree = "<group>"; };
		B394E9F82C98AA4300285D93 /* IconSearchService.swift */ = {isa = PBXFileReference; lastKnownFileType = sourcecode.swift; path = IconSearchService.swift; sourceTree = "<group>"; };
		B394E9FB2C98ABEE00285D93 /* ModuleIconSearcherFactory.swift */ = {isa = PBXFileReference; lastKnownFileType = sourcecode.swift; path = ModuleIconSearcherFactory.swift; sourceTree = "<group>"; };
		B394E9FD2C98AC1400285D93 /* ModuleIconSearcherPresenter.swift */ = {isa = PBXFileReference; lastKnownFileType = sourcecode.swift; path = ModuleIconSearcherPresenter.swift; sourceTree = "<group>"; };
		B394E9FF2C98AC2600285D93 /* ModuleIconSearcherViewController.swift */ = {isa = PBXFileReference; lastKnownFileType = sourcecode.swift; path = ModuleIconSearcherViewController.swift; sourceTree = "<group>"; };
		B394EA032C98ADF500285D93 /* ModuleIconSearcherView.swift */ = {isa = PBXFileReference; lastKnownFileType = sourcecode.swift; path = ModuleIconSearcherView.swift; sourceTree = "<group>"; };
		B394EA052C98AE0D00285D93 /* ModuleIconSearcherTableViewCell.swift */ = {isa = PBXFileReference; lastKnownFileType = sourcecode.swift; path = ModuleIconSearcherTableViewCell.swift; sourceTree = "<group>"; };
		B394EA082C98AE4200285D93 /* PhotoLibraryManager.swift */ = {isa = PBXFileReference; lastKnownFileType = sourcecode.swift; path = PhotoLibraryManager.swift; sourceTree = "<group>"; };
		B394EA0A2C98AE5600285D93 /* AlertAccessViewController.swift */ = {isa = PBXFileReference; lastKnownFileType = sourcecode.swift; path = AlertAccessViewController.swift; sourceTree = "<group>"; };
		B394EA0C2C98AE6800285D93 /* AlertSaveSuccessViewController.swift */ = {isa = PBXFileReference; lastKnownFileType = sourcecode.swift; path = AlertSaveSuccessViewController.swift; sourceTree = "<group>"; };
		B394EA0E2C98AF4000285D93 /* ImageLoaderManager.swift */ = {isa = PBXFileReference; lastKnownFileType = sourcecode.swift; path = ImageLoaderManager.swift; sourceTree = "<group>"; };
		B394EA102C98AF5700285D93 /* IconCacheManager.swift */ = {isa = PBXFileReference; lastKnownFileType = sourcecode.swift; path = IconCacheManager.swift; sourceTree = "<group>"; };
/* End PBXFileReference section */

/* Begin PBXFrameworksBuildPhase section */
		B322BE7C2C975FB300660A53 /* Frameworks */ = {
			isa = PBXFrameworksBuildPhase;
			buildActionMask = 2147483647;
			files = (
			);
			runOnlyForDeploymentPostprocessing = 0;
		};
/* End PBXFrameworksBuildPhase section */

/* Begin PBXGroup section */
		B322BE762C975FB300660A53 = {
			isa = PBXGroup;
			children = (
				B322BE812C975FB300660A53 /* TestTask(iconfinder) */,
				B322BE802C975FB300660A53 /* Products */,
			);
			sourceTree = "<group>";
		};
		B322BE802C975FB300660A53 /* Products */ = {
			isa = PBXGroup;
			children = (
				B322BE7F2C975FB300660A53 /* TestTask(iconfinder).app */,
			);
			name = Products;
			sourceTree = "<group>";
		};
		B322BE812C975FB300660A53 /* TestTask(iconfinder) */ = {
			isa = PBXGroup;
			children = (
				B394E9F62C98AA1900285D93 /* Models.swift */,
				B322BE962C975FCB00660A53 /* Services */,
				B394EA072C98AE2600285D93 /* ModuleGallery */,
				B394E9FA2C98ABD900285D93 /* ModuleIconSearcher */,
				B322BE822C975FB300660A53 /* AppDelegate.swift */,
				B322BE842C975FB300660A53 /* SceneDelegate.swift */,
				B322BE862C975FB300660A53 /* ViewController.swift */,
				B322BE882C975FB300660A53 /* Main.storyboard */,
				B322BE8B2C975FB400660A53 /* Assets.xcassets */,
				B322BE8D2C975FB400660A53 /* LaunchScreen.storyboard */,
				B322BE902C975FB400660A53 /* Info.plist */,
			);
			path = "TestTask(iconfinder)";
			sourceTree = "<group>";
		};
		B322BE962C975FCB00660A53 /* Services */ = {
			isa = PBXGroup;
			children = (
				B394E9F82C98AA4300285D93 /* IconSearchService.swift */,
				B394EA0E2C98AF4000285D93 /* ImageLoaderManager.swift */,
				B394EA102C98AF5700285D93 /* IconCacheManager.swift */,
			);
			path = Services;
			sourceTree = "<group>";
		};
		B394E9FA2C98ABD900285D93 /* ModuleIconSearcher */ = {
			isa = PBXGroup;
			children = (
				B394E9FB2C98ABEE00285D93 /* ModuleIconSearcherFactory.swift */,
				B394E9FD2C98AC1400285D93 /* ModuleIconSearcherPresenter.swift */,
				B394E9FF2C98AC2600285D93 /* ModuleIconSearcherViewController.swift */,
				B394EA032C98ADF500285D93 /* ModuleIconSearcherView.swift */,
				B394EA052C98AE0D00285D93 /* ModuleIconSearcherTableViewCell.swift */,
			);
			path = ModuleIconSearcher;
			sourceTree = "<group>";
		};
		B394EA072C98AE2600285D93 /* ModuleGallery */ = {
			isa = PBXGroup;
			children = (
				B394EA082C98AE4200285D93 /* PhotoLibraryManager.swift */,
				B394EA0A2C98AE5600285D93 /* AlertAccessViewController.swift */,
				B394EA0C2C98AE6800285D93 /* AlertSaveSuccessViewController.swift */,
			);
			path = ModuleGallery;
			sourceTree = "<group>";
		};
/* End PBXGroup section */

/* Begin PBXNativeTarget section */
		B322BE7E2C975FB300660A53 /* TestTask(iconfinder) */ = {
			isa = PBXNativeTarget;
			buildConfigurationList = B322BE932C975FB400660A53 /* Build configuration list for PBXNativeTarget "TestTask(iconfinder)" */;
			buildPhases = (
				B322BE7B2C975FB300660A53 /* Sources */,
				B322BE7C2C975FB300660A53 /* Frameworks */,
				B322BE7D2C975FB300660A53 /* Resources */,
			);
			buildRules = (
			);
			dependencies = (
			);
			name = "TestTask(iconfinder)";
			productName = "TestTask(iconfinder)";
			productReference = B322BE7F2C975FB300660A53 /* TestTask(iconfinder).app */;
			productType = "com.apple.product-type.application";
		};
/* End PBXNativeTarget section */

/* Begin PBXProject section */
		B322BE772C975FB300660A53 /* Project object */ = {
			isa = PBXProject;
			attributes = {
				BuildIndependentTargetsInParallel = 1;
				LastSwiftUpdateCheck = 1510;
				LastUpgradeCheck = 1510;
				TargetAttributes = {
					B322BE7E2C975FB300660A53 = {
						CreatedOnToolsVersion = 15.1;
					};
				};
			};
			buildConfigurationList = B322BE7A2C975FB300660A53 /* Build configuration list for PBXProject "TestTask(iconfinder)" */;
			compatibilityVersion = "Xcode 14.0";
			developmentRegion = en;
			hasScannedForEncodings = 0;
			knownRegions = (
				en,
				Base,
			);
			mainGroup = B322BE762C975FB300660A53;
			productRefGroup = B322BE802C975FB300660A53 /* Products */;
			projectDirPath = "";
			projectRoot = "";
			targets = (
				B322BE7E2C975FB300660A53 /* TestTask(iconfinder) */,
			);
		};
/* End PBXProject section */

/* Begin PBXResourcesBuildPhase section */
		B322BE7D2C975FB300660A53 /* Resources */ = {
			isa = PBXResourcesBuildPhase;
			buildActionMask = 2147483647;
			files = (
				B322BE8F2C975FB400660A53 /* LaunchScreen.storyboard in Resources */,
				B322BE8C2C975FB400660A53 /* Assets.xcassets in Resources */,
				B322BE8A2C975FB300660A53 /* Main.storyboard in Resources */,
			);
			runOnlyForDeploymentPostprocessing = 0;
		};
/* End PBXResourcesBuildPhase section */

/* Begin PBXSourcesBuildPhase section */
		B322BE7B2C975FB300660A53 /* Sources */ = {
			isa = PBXSourcesBuildPhase;
			buildActionMask = 2147483647;
			files = (
				B322BE872C975FB300660A53 /* ViewController.swift in Sources */,
				B394EA042C98ADF500285D93 /* ModuleIconSearcherView.swift in Sources */,
				B394EA0D2C98AE6800285D93 /* AlertSaveSuccessViewController.swift in Sources */,
				B322BE832C975FB300660A53 /* AppDelegate.swift in Sources */,
				B394EA092C98AE4200285D93 /* PhotoLibraryManager.swift in Sources */,
				B394E9FC2C98ABEE00285D93 /* ModuleIconSearcherFactory.swift in Sources */,
				B394EA062C98AE0D00285D93 /* ModuleIconSearcherTableViewCell.swift in Sources */,
				B322BE852C975FB300660A53 /* SceneDelegate.swift in Sources */,
				B394EA112C98AF5700285D93 /* IconCacheManager.swift in Sources */,
				B394EA0F2C98AF4000285D93 /* ImageLoaderManager.swift in Sources */,
				B394EA0B2C98AE5600285D93 /* AlertAccessViewController.swift in Sources */,
				B394E9F92C98AA4300285D93 /* IconSearchService.swift in Sources */,
				B394E9FE2C98AC1400285D93 /* ModuleIconSearcherPresenter.swift in Sources */,
				B394E9F72C98AA1900285D93 /* Models.swift in Sources */,
				B394EA002C98AC2600285D93 /* ModuleIconSearcherViewController.swift in Sources */,
			);
			runOnlyForDeploymentPostprocessing = 0;
		};
/* End PBXSourcesBuildPhase section */

/* Begin PBXVariantGroup section */
		B322BE882C975FB300660A53 /* Main.storyboard */ = {
			isa = PBXVariantGroup;
			children = (
				B322BE892C975FB300660A53 /* Base */,
			);
			name = Main.storyboard;
			sourceTree = "<group>";
		};
		B322BE8D2C975FB400660A53 /* LaunchScreen.storyboard */ = {
			isa = PBXVariantGroup;
			children = (
				B322BE8E2C975FB400660A53 /* Base */,
			);
			name = LaunchScreen.storyboard;
			sourceTree = "<group>";
		};
/* End PBXVariantGroup section */

/* Begin XCBuildConfiguration section */
		B322BE912C975FB400660A53 /* Debug */ = {
			isa = XCBuildConfiguration;
			buildSettings = {
				ALWAYS_SEARCH_USER_PATHS = NO;
				ASSETCATALOG_COMPILER_GENERATE_SWIFT_ASSET_SYMBOL_EXTENSIONS = YES;
				CLANG_ANALYZER_NONNULL = YES;
				CLANG_ANALYZER_NUMBER_OBJECT_CONVERSION = YES_AGGRESSIVE;
				CLANG_CXX_LANGUAGE_STANDARD = "gnu++20";
				CLANG_ENABLE_MODULES = YES;
				CLANG_ENABLE_OBJC_ARC = YES;
				CLANG_ENABLE_OBJC_WEAK = YES;
				CLANG_WARN_BLOCK_CAPTURE_AUTORELEASING = YES;
				CLANG_WARN_BOOL_CONVERSION = YES;
				CLANG_WARN_COMMA = YES;
				CLANG_WARN_CONSTANT_CONVERSION = YES;
				CLANG_WARN_DEPRECATED_OBJC_IMPLEMENTATIONS = YES;
				CLANG_WARN_DIRECT_OBJC_ISA_USAGE = YES_ERROR;
				CLANG_WARN_DOCUMENTATION_COMMENTS = YES;
				CLANG_WARN_EMPTY_BODY = YES;
				CLANG_WARN_ENUM_CONVERSION = YES;
				CLANG_WARN_INFINITE_RECURSION = YES;
				CLANG_WARN_INT_CONVERSION = YES;
				CLANG_WARN_NON_LITERAL_NULL_CONVERSION = YES;
				CLANG_WARN_OBJC_IMPLICIT_RETAIN_SELF = YES;
				CLANG_WARN_OBJC_LITERAL_CONVERSION = YES;
				CLANG_WARN_OBJC_ROOT_CLASS = YES_ERROR;
				CLANG_WARN_QUOTED_INCLUDE_IN_FRAMEWORK_HEADER = YES;
				CLANG_WARN_RANGE_LOOP_ANALYSIS = YES;
				CLANG_WARN_STRICT_PROTOTYPES = YES;
				CLANG_WARN_SUSPICIOUS_MOVE = YES;
				CLANG_WARN_UNGUARDED_AVAILABILITY = YES_AGGRESSIVE;
				CLANG_WARN_UNREACHABLE_CODE = YES;
				CLANG_WARN__DUPLICATE_METHOD_MATCH = YES;
				COPY_PHASE_STRIP = NO;
				DEBUG_INFORMATION_FORMAT = dwarf;
				ENABLE_STRICT_OBJC_MSGSEND = YES;
				ENABLE_TESTABILITY = YES;
				ENABLE_USER_SCRIPT_SANDBOXING = YES;
				GCC_C_LANGUAGE_STANDARD = gnu17;
				GCC_DYNAMIC_NO_PIC = NO;
				GCC_NO_COMMON_BLOCKS = YES;
				GCC_OPTIMIZATION_LEVEL = 0;
				GCC_PREPROCESSOR_DEFINITIONS = (
					"DEBUG=1",
					"$(inherited)",
				);
				GCC_WARN_64_TO_32_BIT_CONVERSION = YES;
				GCC_WARN_ABOUT_RETURN_TYPE = YES_ERROR;
				GCC_WARN_UNDECLARED_SELECTOR = YES;
				GCC_WARN_UNINITIALIZED_AUTOS = YES_AGGRESSIVE;
				GCC_WARN_UNUSED_FUNCTION = YES;
				GCC_WARN_UNUSED_VARIABLE = YES;
				IPHONEOS_DEPLOYMENT_TARGET = 17.2;
				LOCALIZATION_PREFERS_STRING_CATALOGS = YES;
				MTL_ENABLE_DEBUG_INFO = INCLUDE_SOURCE;
				MTL_FAST_MATH = YES;
				ONLY_ACTIVE_ARCH = YES;
				SDKROOT = iphoneos;
				SWIFT_ACTIVE_COMPILATION_CONDITIONS = "DEBUG $(inherited)";
				SWIFT_OPTIMIZATION_LEVEL = "-Onone";
			};
			name = Debug;
		};
		B322BE922C975FB400660A53 /* Release */ = {
			isa = XCBuildConfiguration;
			buildSettings = {
				ALWAYS_SEARCH_USER_PATHS = NO;
				ASSETCATALOG_COMPILER_GENERATE_SWIFT_ASSET_SYMBOL_EXTENSIONS = YES;
				CLANG_ANALYZER_NONNULL = YES;
				CLANG_ANALYZER_NUMBER_OBJECT_CONVERSION = YES_AGGRESSIVE;
				CLANG_CXX_LANGUAGE_STANDARD = "gnu++20";
				CLANG_ENABLE_MODULES = YES;
				CLANG_ENABLE_OBJC_ARC = YES;
				CLANG_ENABLE_OBJC_WEAK = YES;
				CLANG_WARN_BLOCK_CAPTURE_AUTORELEASING = YES;
				CLANG_WARN_BOOL_CONVERSION = YES;
				CLANG_WARN_COMMA = YES;
				CLANG_WARN_CONSTANT_CONVERSION = YES;
				CLANG_WARN_DEPRECATED_OBJC_IMPLEMENTATIONS = YES;
				CLANG_WARN_DIRECT_OBJC_ISA_USAGE = YES_ERROR;
				CLANG_WARN_DOCUMENTATION_COMMENTS = YES;
				CLANG_WARN_EMPTY_BODY = YES;
				CLANG_WARN_ENUM_CONVERSION = YES;
				CLANG_WARN_INFINITE_RECURSION = YES;
				CLANG_WARN_INT_CONVERSION = YES;
				CLANG_WARN_NON_LITERAL_NULL_CONVERSION = YES;
				CLANG_WARN_OBJC_IMPLICIT_RETAIN_SELF = YES;
				CLANG_WARN_OBJC_LITERAL_CONVERSION = YES;
				CLANG_WARN_OBJC_ROOT_CLASS = YES_ERROR;
				CLANG_WARN_QUOTED_INCLUDE_IN_FRAMEWORK_HEADER = YES;
				CLANG_WARN_RANGE_LOOP_ANALYSIS = YES;
				CLANG_WARN_STRICT_PROTOTYPES = YES;
				CLANG_WARN_SUSPICIOUS_MOVE = YES;
				CLANG_WARN_UNGUARDED_AVAILABILITY = YES_AGGRESSIVE;
				CLANG_WARN_UNREACHABLE_CODE = YES;
				CLANG_WARN__DUPLICATE_METHOD_MATCH = YES;
				COPY_PHASE_STRIP = NO;
				DEBUG_INFORMATION_FORMAT = "dwarf-with-dsym";
				ENABLE_NS_ASSERTIONS = NO;
				ENABLE_STRICT_OBJC_MSGSEND = YES;
				ENABLE_USER_SCRIPT_SANDBOXING = YES;
				GCC_C_LANGUAGE_STANDARD = gnu17;
				GCC_NO_COMMON_BLOCKS = YES;
				GCC_WARN_64_TO_32_BIT_CONVERSION = YES;
				GCC_WARN_ABOUT_RETURN_TYPE = YES_ERROR;
				GCC_WARN_UNDECLARED_SELECTOR = YES;
				GCC_WARN_UNINITIALIZED_AUTOS = YES_AGGRESSIVE;
				GCC_WARN_UNUSED_FUNCTION = YES;
				GCC_WARN_UNUSED_VARIABLE = YES;
				IPHONEOS_DEPLOYMENT_TARGET = 17.2;
				LOCALIZATION_PREFERS_STRING_CATALOGS = YES;
				MTL_ENABLE_DEBUG_INFO = NO;
				MTL_FAST_MATH = YES;
				SDKROOT = iphoneos;
				SWIFT_COMPILATION_MODE = wholemodule;
				VALIDATE_PRODUCT = YES;
			};
			name = Release;
		};
		B322BE942C975FB400660A53 /* Debug */ = {
			isa = XCBuildConfiguration;
			buildSettings = {
				ASSETCATALOG_COMPILER_APPICON_NAME = AppIcon;
				ASSETCATALOG_COMPILER_GLOBAL_ACCENT_COLOR_NAME = AccentColor;
				CODE_SIGN_STYLE = Automatic;
				CURRENT_PROJECT_VERSION = 1;
				DEVELOPMENT_TEAM = YMU6TYBZ5Q;
				GENERATE_INFOPLIST_FILE = YES;
				INFOPLIST_FILE = "TestTask(iconfinder)/Info.plist";
				INFOPLIST_KEY_UIApplicationSupportsIndirectInputEvents = YES;
				INFOPLIST_KEY_UILaunchStoryboardName = LaunchScreen;
				INFOPLIST_KEY_UIMainStoryboardFile = Main;
				INFOPLIST_KEY_UISupportedInterfaceOrientations_iPad = "UIInterfaceOrientationPortrait UIInterfaceOrientationPortraitUpsideDown UIInterfaceOrientationLandscapeLeft UIInterfaceOrientationLandscapeRight";
				INFOPLIST_KEY_UISupportedInterfaceOrientations_iPhone = "UIInterfaceOrientationPortrait UIInterfaceOrientationLandscapeLeft UIInterfaceOrientationLandscapeRight";
				IPHONEOS_DEPLOYMENT_TARGET = 14.0;
				LD_RUNPATH_SEARCH_PATHS = (
					"$(inherited)",
					"@executable_path/Frameworks",
				);
				MARKETING_VERSION = 1.0;
				PRODUCT_BUNDLE_IDENTIFIER = "myComputer.TestTask-iconfinder-";
				PRODUCT_NAME = "$(TARGET_NAME)";
				SWIFT_EMIT_LOC_STRINGS = YES;
				SWIFT_VERSION = 5.0;
				TARGETED_DEVICE_FAMILY = "1,2";
			};
			name = Debug;
		};
		B322BE952C975FB400660A53 /* Release */ = {
			isa = XCBuildConfiguration;
			buildSettings = {
				ASSETCATALOG_COMPILER_APPICON_NAME = AppIcon;
				ASSETCATALOG_COMPILER_GLOBAL_ACCENT_COLOR_NAME = AccentColor;
				CODE_SIGN_STYLE = Automatic;
				CURRENT_PROJECT_VERSION = 1;
				DEVELOPMENT_TEAM = YMU6TYBZ5Q;
				GENERATE_INFOPLIST_FILE = YES;
				INFOPLIST_FILE = "TestTask(iconfinder)/Info.plist";
				INFOPLIST_KEY_UIApplicationSupportsIndirectInputEvents = YES;
				INFOPLIST_KEY_UILaunchStoryboardName = LaunchScreen;
				INFOPLIST_KEY_UIMainStoryboardFile = Main;
				INFOPLIST_KEY_UISupportedInterfaceOrientations_iPad = "UIInterfaceOrientationPortrait UIInterfaceOrientationPortraitUpsideDown UIInterfaceOrientationLandscapeLeft UIInterfaceOrientationLandscapeRight";
				INFOPLIST_KEY_UISupportedInterfaceOrientations_iPhone = "UIInterfaceOrientationPortrait UIInterfaceOrientationLandscapeLeft UIInterfaceOrientationLandscapeRight";
				IPHONEOS_DEPLOYMENT_TARGET = 14.0;
				LD_RUNPATH_SEARCH_PATHS = (
					"$(inherited)",
					"@executable_path/Frameworks",
				);
				MARKETING_VERSION = 1.0;
				PRODUCT_BUNDLE_IDENTIFIER = "myComputer.TestTask-iconfinder-";
				PRODUCT_NAME = "$(TARGET_NAME)";
				SWIFT_EMIT_LOC_STRINGS = YES;
				SWIFT_VERSION = 5.0;
				TARGETED_DEVICE_FAMILY = "1,2";
			};
			name = Release;
		};
/* End XCBuildConfiguration section */

/* Begin XCConfigurationList section */
		B322BE7A2C975FB300660A53 /* Build configuration list for PBXProject "TestTask(iconfinder)" */ = {
			isa = XCConfigurationList;
			buildConfigurations = (
				B322BE912C975FB400660A53 /* Debug */,
				B322BE922C975FB400660A53 /* Release */,
			);
			defaultConfigurationIsVisible = 0;
			defaultConfigurationName = Release;
		};
		B322BE932C975FB400660A53 /* Build configuration list for PBXNativeTarget "TestTask(iconfinder)" */ = {
			isa = XCConfigurationList;
			buildConfigurations = (
				B322BE942C975FB400660A53 /* Debug */,
				B322BE952C975FB400660A53 /* Release */,
			);
			defaultConfigurationIsVisible = 0;
			defaultConfigurationName = Release;
		};
/* End XCConfigurationList section */
	};
	rootObject = B322BE772C975FB300660A53 /* Project object */;
}
